
Microsoft Visual Studio Solution File, Format Version 12.00
# Visual Studio 15
VisualStudioVersion = 15.0.27130.2010
MinimumVisualStudioVersion = 10.0.40219.1
Project("{FAE04EC0-301F-11D3-BF4B-00C04F79EFBC}") = "SyBook", "SyBook\SyBook.csproj", "{824E16FE-6195-496D-9D16-500CCE1AC1DF}"
EndProject
Global
	GlobalSection(SolutionConfigurationPlatforms) = preSolution
		Debug|Any CPU = Debug|Any CPU
		Release|Any CPU = Release|Any CPU
	EndGlobalSection
	GlobalSection(ProjectConfigurationPlatforms) = postSolution
		{824E16FE-6195-496D-9D16-500CCE1AC1DF}.Debug|Any CPU.ActiveCfg = Debug|Any CPU
		{824E16FE-6195-496D-9D16-500CCE1AC1DF}.Debug|Any CPU.Build.0 = Debug|Any CPU
		{824E16FE-6195-496D-9D16-500CCE1AC1DF}.Release|Any CPU.ActiveCfg = Release|Any CPU
		{824E16FE-6195-496D-9D16-500CCE1AC1DF}.Release|Any CPU.Build.0 = Release|Any CPU
	EndGlobalSection
	GlobalSection(SolutionProperties) = preSolution
		HideSolutionNode = FALSE
	EndGlobalSection
	GlobalSection(ExtensibilityGlobals) = postSolution
		SolutionGuid = {48778544-04D3-43F6-9E09-AD26A60E87B9}
	EndGlobalSection
EndGlobal
